
Microsoft Visual Studio Solution File, Format Version 12.00
Project("{F184B08F-C81C-45F6-A57F-5ABD9991F28F}") = "InvoiceCloud", "InvoiceCloud\InvoiceCloud.vbproj", "{C2E29BFA-7FE8-4ED8-B88D-7351B67C6014}"
EndProject
Global
	GlobalSection(SolutionConfigurationPlatforms) = preSolution
		Debug|Any CPU = Debug|Any CPU
		Release|Any CPU = Release|Any CPU
	EndGlobalSection
	GlobalSection(ProjectConfigurationPlatforms) = postSolution
		{C2E29BFA-7FE8-4ED8-B88D-7351B67C6014}.Debug|Any CPU.ActiveCfg = Debug|Any CPU
		{C2E29BFA-7FE8-4ED8-B88D-7351B67C6014}.Debug|Any CPU.Build.0 = Debug|Any CPU
		{C2E29BFA-7FE8-4ED8-B88D-7351B67C6014}.Release|Any CPU.ActiveCfg = Release|Any CPU
		{C2E29BFA-7FE8-4ED8-B88D-7351B67C6014}.Release|Any CPU.Build.0 = Release|Any CPU
	EndGlobalSection
EndGlobal
